
Microsoft Visual Studio Solution File, Format Version 12.00
# Visual Studio Version 17
VisualStudioVersion = 17.0.31903.59
MinimumVisualStudioVersion = 10.0.40219.1
Project("{2150E333-8FDC-42A3-9474-1A3956D46DE8}") = "src", "src", "{827E0CD3-B72D-47B6-A68D-7590B98EB39B}"
EndProject
Project("{2150E333-8FDC-42A3-9474-1A3956D46DE8}") = "Web", "Web", "{03997797-E7F5-0643-168D-B8EA7178C2FE}"
EndProject
Project("{2150E333-8FDC-42A3-9474-1A3956D46DE8}") = "HTA.UI", "HTA.UI", "{34A2957A-82E8-1F43-5C8C-2CA0EF0170CA}"
EndProject
Project("{FAE04EC0-301F-11D3-BF4B-00C04F79EFBC}") = "UI.Application", "src\Web\HTA.UI\UI.Application\UI.Application.csproj", "{5A2823BC-E415-4670-8F55-BBDA1DD8734E}"
EndProject
Project("{FAE04EC0-301F-11D3-BF4B-00C04F79EFBC}") = "UI.Domain", "src\Web\HTA.UI\UI.Domain\UI.Domain.csproj", "{B2A7ADB7-B478-4723-B196-B6FE1BE4B64D}"
EndProject
Project("{FAE04EC0-301F-11D3-BF4B-00C04F79EFBC}") = "UI.Blazorwasm", "src\Web\HTA.UI\UI.Blazorwasm\UI.Blazorwasm.csproj", "{AC33E9BC-77D6-4260-8481-2C6987EE2A35}"
EndProject
Project("{2150E333-8FDC-42A3-9474-1A3956D46DE8}") = "Microservices", "Microservices", "{B45C9767-1103-6FBC-A12D-A41ACF5CD2F9}"
EndProject
Project("{2150E333-8FDC-42A3-9474-1A3956D46DE8}") = "Account", "Account", "{EE5D3192-6894-F909-9246-9D449716BBA3}"
EndProject
Project("{FAE04EC0-301F-11D3-BF4B-00C04F79EFBC}") = "Account.API", "src\Microservices\Account\Account.API\Account.API.csproj", "{52889D35-87F8-4DAD-8039-12934356D90E}"
EndProject
Project("{FAE04EC0-301F-11D3-BF4B-00C04F79EFBC}") = "Account.Domain", "src\Microservices\Account\Account.Domain\Account.Domain.csproj", "{AD80409C-C72A-40BD-9F13-57B05AFEEDE0}"
EndProject
Project("{FAE04EC0-301F-11D3-BF4B-00C04F79EFBC}") = "Account.Application", "src\Microservices\Account\Account.Application\Account.Application.csproj", "{A56BF412-9D26-4F50-99A2-5E2E42262386}"
EndProject
Project("{FAE04EC0-301F-11D3-BF4B-00C04F79EFBC}") = "Account.Infrastructure", "src\Microservices\Account\Account.Infrastructure\Account.Infrastructure.csproj", "{71C59F8C-27AB-44EB-B112-4C29F66AE1F0}"
EndProject
Project("{2150E333-8FDC-42A3-9474-1A3956D46DE8}") = "SharedKernel", "SharedKernel", "{85F909CB-8F14-ECC8-BA9D-713D1771907F}"
EndProject
Project("{2150E333-8FDC-42A3-9474-1A3956D46DE8}") = "HTA.Shared", "HTA.Shared", "{0A6045DE-FB9D-B4AC-02CE-7152E58EE0DE}"
EndProject
Project("{FAE04EC0-301F-11D3-BF4B-00C04F79EFBC}") = "Shared.Domain", "src\SharedKernel\HTA.Shared\Shared.Domain\Shared.Domain.csproj", "{55980068-9F07-43B2-8218-191C1CBA7CEA}"
EndProject
Project("{FAE04EC0-301F-11D3-BF4B-00C04F79EFBC}") = "Shared.Application", "src\SharedKernel\HTA.Shared\Shared.Application\Shared.Application.csproj", "{D39A4ADD-D3DE-4E3B-A84D-94E5477A3D7A}"
EndProject
Project("{FAE04EC0-301F-11D3-BF4B-00C04F79EFBC}") = "Shared.Infrastructure", "src\SharedKernel\HTA.Shared\Shared.Infrastructure\Shared.Infrastructure.csproj", "{796EE128-51EF-46AB-B80A-F6B89AE74631}"
EndProject
Project("{2150E333-8FDC-42A3-9474-1A3956D46DE8}") = "Product", "Product", "{758C5DBE-017D-0EE9-AA1B-CE9DB1150A5C}"
EndProject
Project("{FAE04EC0-301F-11D3-BF4B-00C04F79EFBC}") = "Product.API", "src\Microservices\Product\Product.API\Product.API.csproj", "{BF33CCCA-ACCC-4671-83A4-962D88C46121}"
EndProject
Project("{FAE04EC0-301F-11D3-BF4B-00C04F79EFBC}") = "Product.Domain", "src\Microservices\Product\Product.Domain\Product.Domain.csproj", "{427B69B2-5F45-4A88-A9E3-E99F6C42ACEA}"
EndProject
Project("{FAE04EC0-301F-11D3-BF4B-00C04F79EFBC}") = "Product.Application", "src\Microservices\Product\Product.Application\Product.Application.csproj", "{7BE280AA-6FF7-470E-B89F-769DF16377E6}"
EndProject
Project("{FAE04EC0-301F-11D3-BF4B-00C04F79EFBC}") = "Product.Infrastructure", "src\Microservices\Product\Product.Infrastructure\Product.Infrastructure.csproj", "{F156DD24-4CF3-4CE2-B92A-173FCB4F09B0}"
EndProject
Project("{2150E333-8FDC-42A3-9474-1A3956D46DE8}") = "APIGateway", "APIGateway", "{FCA01246-F2C6-0AA7-D43F-FD13BE0B9D88}"
EndProject
Project("{2150E333-8FDC-42A3-9474-1A3956D46DE8}") = "HTA.Gateway", "HTA.Gateway", "{205D3971-23AA-B3A9-7489-C8CFFD05AA4D}"
EndProject
Project("{FAE04EC0-301F-11D3-BF4B-00C04F79EFBC}") = "Gateway.API", "src\APIGateway\HTA.Gateway\Gateway.API\Gateway.API.csproj", "{C3FC364B-F132-4971-BE06-6BDFCDE1B186}"
EndProject
Project("{FAE04EC0-301F-11D3-BF4B-00C04F79EFBC}") = "Gateway.Domain", "src\APIGateway\HTA.Gateway\Gateway.Domain\Gateway.Domain.csproj", "{7A3DAADB-C990-438C-A493-530A6B743533}"
EndProject
Project("{FAE04EC0-301F-11D3-BF4B-00C04F79EFBC}") = "Gateway.Application", "src\APIGateway\HTA.Gateway\Gateway.Application\Gateway.Application.csproj", "{BD6EB0A2-ACBF-4936-900E-EDC7235BEAC8}"
EndProject
Project("{FAE04EC0-301F-11D3-BF4B-00C04F79EFBC}") = "Gateway.Infrastructure", "src\APIGateway\HTA.Gateway\Gateway.Infrastructure\Gateway.Infrastructure.csproj", "{B7B081DA-49CC-4AE4-AEC7-9B013A3BFBAE}"
EndProject
Global
	GlobalSection(SolutionConfigurationPlatforms) = preSolution
		Debug|Any CPU = Debug|Any CPU
		Debug|x64 = Debug|x64
		Debug|x86 = Debug|x86
		Release|Any CPU = Release|Any CPU
		Release|x64 = Release|x64
		Release|x86 = Release|x86
	EndGlobalSection
	GlobalSection(ProjectConfigurationPlatforms) = postSolution
		{5A2823BC-E415-4670-8F55-BBDA1DD8734E}.Debug|Any CPU.ActiveCfg = Debug|Any CPU
		{5A2823BC-E415-4670-8F55-BBDA1DD8734E}.Debug|Any CPU.Build.0 = Debug|Any CPU
		{5A2823BC-E415-4670-8F55-BBDA1DD8734E}.Debug|x64.ActiveCfg = Debug|Any CPU
		{5A2823BC-E415-4670-8F55-BBDA1DD8734E}.Debug|x64.Build.0 = Debug|Any CPU
		{5A2823BC-E415-4670-8F55-BBDA1DD8734E}.Debug|x86.ActiveCfg = Debug|Any CPU
		{5A2823BC-E415-4670-8F55-BBDA1DD8734E}.Debug|x86.Build.0 = Debug|Any CPU
		{5A2823BC-E415-4670-8F55-BBDA1DD8734E}.Release|Any CPU.ActiveCfg = Release|Any CPU
		{5A2823BC-E415-4670-8F55-BBDA1DD8734E}.Release|Any CPU.Build.0 = Release|Any CPU
		{5A2823BC-E415-4670-8F55-BBDA1DD8734E}.Release|x64.ActiveCfg = Release|Any CPU
		{5A2823BC-E415-4670-8F55-BBDA1DD8734E}.Release|x64.Build.0 = Release|Any CPU
		{5A2823BC-E415-4670-8F55-BBDA1DD8734E}.Release|x86.ActiveCfg = Release|Any CPU
		{5A2823BC-E415-4670-8F55-BBDA1DD8734E}.Release|x86.Build.0 = Release|Any CPU
		{B2A7ADB7-B478-4723-B196-B6FE1BE4B64D}.Debug|Any CPU.ActiveCfg = Debug|Any CPU
		{B2A7ADB7-B478-4723-B196-B6FE1BE4B64D}.Debug|Any CPU.Build.0 = Debug|Any CPU
		{B2A7ADB7-B478-4723-B196-B6FE1BE4B64D}.Debug|x64.ActiveCfg = Debug|Any CPU
		{B2A7ADB7-B478-4723-B196-B6FE1BE4B64D}.Debug|x64.Build.0 = Debug|Any CPU
		{B2A7ADB7-B478-4723-B196-B6FE1BE4B64D}.Debug|x86.ActiveCfg = Debug|Any CPU
		{B2A7ADB7-B478-4723-B196-B6FE1BE4B64D}.Debug|x86.Build.0 = Debug|Any CPU
		{B2A7ADB7-B478-4723-B196-B6FE1BE4B64D}.Release|Any CPU.ActiveCfg = Release|Any CPU
		{B2A7ADB7-B478-4723-B196-B6FE1BE4B64D}.Release|Any CPU.Build.0 = Release|Any CPU
		{B2A7ADB7-B478-4723-B196-B6FE1BE4B64D}.Release|x64.ActiveCfg = Release|Any CPU
		{B2A7ADB7-B478-4723-B196-B6FE1BE4B64D}.Release|x64.Build.0 = Release|Any CPU
		{B2A7ADB7-B478-4723-B196-B6FE1BE4B64D}.Release|x86.ActiveCfg = Release|Any CPU
		{B2A7ADB7-B478-4723-B196-B6FE1BE4B64D}.Release|x86.Build.0 = Release|Any CPU
		{AC33E9BC-77D6-4260-8481-2C6987EE2A35}.Debug|Any CPU.ActiveCfg = Debug|Any CPU
		{AC33E9BC-77D6-4260-8481-2C6987EE2A35}.Debug|Any CPU.Build.0 = Debug|Any CPU
		{AC33E9BC-77D6-4260-8481-2C6987EE2A35}.Debug|x64.ActiveCfg = Debug|Any CPU
		{AC33E9BC-77D6-4260-8481-2C6987EE2A35}.Debug|x64.Build.0 = Debug|Any CPU
		{AC33E9BC-77D6-4260-8481-2C6987EE2A35}.Debug|x86.ActiveCfg = Debug|Any CPU
		{AC33E9BC-77D6-4260-8481-2C6987EE2A35}.Debug|x86.Build.0 = Debug|Any CPU
		{AC33E9BC-77D6-4260-8481-2C6987EE2A35}.Release|Any CPU.ActiveCfg = Release|Any CPU
		{AC33E9BC-77D6-4260-8481-2C6987EE2A35}.Release|Any CPU.Build.0 = Release|Any CPU
		{AC33E9BC-77D6-4260-8481-2C6987EE2A35}.Release|x64.ActiveCfg = Release|Any CPU
		{AC33E9BC-77D6-4260-8481-2C6987EE2A35}.Release|x64.Build.0 = Release|Any CPU
		{AC33E9BC-77D6-4260-8481-2C6987EE2A35}.Release|x86.ActiveCfg = Release|Any CPU
		{AC33E9BC-77D6-4260-8481-2C6987EE2A35}.Release|x86.Build.0 = Release|Any CPU
		{52889D35-87F8-4DAD-8039-12934356D90E}.Debug|Any CPU.ActiveCfg = Debug|Any CPU
		{52889D35-87F8-4DAD-8039-12934356D90E}.Debug|Any CPU.Build.0 = Debug|Any CPU
		{52889D35-87F8-4DAD-8039-12934356D90E}.Debug|x64.ActiveCfg = Debug|Any CPU
		{52889D35-87F8-4DAD-8039-12934356D90E}.Debug|x64.Build.0 = Debug|Any CPU
		{52889D35-87F8-4DAD-8039-12934356D90E}.Debug|x86.ActiveCfg = Debug|Any CPU
		{52889D35-87F8-4DAD-8039-12934356D90E}.Debug|x86.Build.0 = Debug|Any CPU
		{52889D35-87F8-4DAD-8039-12934356D90E}.Release|Any CPU.ActiveCfg = Release|Any CPU
		{52889D35-87F8-4DAD-8039-12934356D90E}.Release|Any CPU.Build.0 = Release|Any CPU
		{52889D35-87F8-4DAD-8039-12934356D90E}.Release|x64.ActiveCfg = Release|Any CPU
		{52889D35-87F8-4DAD-8039-12934356D90E}.Release|x64.Build.0 = Release|Any CPU
		{52889D35-87F8-4DAD-8039-12934356D90E}.Release|x86.ActiveCfg = Release|Any CPU
		{52889D35-87F8-4DAD-8039-12934356D90E}.Release|x86.Build.0 = Release|Any CPU
		{AD80409C-C72A-40BD-9F13-57B05AFEEDE0}.Debug|Any CPU.ActiveCfg = Debug|Any CPU
		{AD80409C-C72A-40BD-9F13-57B05AFEEDE0}.Debug|Any CPU.Build.0 = Debug|Any CPU
		{AD80409C-C72A-40BD-9F13-57B05AFEEDE0}.Debug|x64.ActiveCfg = Debug|Any CPU
		{AD80409C-C72A-40BD-9F13-57B05AFEEDE0}.Debug|x64.Build.0 = Debug|Any CPU
		{AD80409C-C72A-40BD-9F13-57B05AFEEDE0}.Debug|x86.ActiveCfg = Debug|Any CPU
		{AD80409C-C72A-40BD-9F13-57B05AFEEDE0}.Debug|x86.Build.0 = Debug|Any CPU
		{AD80409C-C72A-40BD-9F13-57B05AFEEDE0}.Release|Any CPU.ActiveCfg = Release|Any CPU
		{AD80409C-C72A-40BD-9F13-57B05AFEEDE0}.Release|Any CPU.Build.0 = Release|Any CPU
		{AD80409C-C72A-40BD-9F13-57B05AFEEDE0}.Release|x64.ActiveCfg = Release|Any CPU
		{AD80409C-C72A-40BD-9F13-57B05AFEEDE0}.Release|x64.Build.0 = Release|Any CPU
		{AD80409C-C72A-40BD-9F13-57B05AFEEDE0}.Release|x86.ActiveCfg = Release|Any CPU
		{AD80409C-C72A-40BD-9F13-57B05AFEEDE0}.Release|x86.Build.0 = Release|Any CPU
		{A56BF412-9D26-4F50-99A2-5E2E42262386}.Debug|Any CPU.ActiveCfg = Debug|Any CPU
		{A56BF412-9D26-4F50-99A2-5E2E42262386}.Debug|Any CPU.Build.0 = Debug|Any CPU
		{A56BF412-9D26-4F50-99A2-5E2E42262386}.Debug|x64.ActiveCfg = Debug|Any CPU
		{A56BF412-9D26-4F50-99A2-5E2E42262386}.Debug|x64.Build.0 = Debug|Any CPU
		{A56BF412-9D26-4F50-99A2-5E2E42262386}.Debug|x86.ActiveCfg = Debug|Any CPU
		{A56BF412-9D26-4F50-99A2-5E2E42262386}.Debug|x86.Build.0 = Debug|Any CPU
		{A56BF412-9D26-4F50-99A2-5E2E42262386}.Release|Any CPU.ActiveCfg = Release|Any CPU
		{A56BF412-9D26-4F50-99A2-5E2E42262386}.Release|Any CPU.Build.0 = Release|Any CPU
		{A56BF412-9D26-4F50-99A2-5E2E42262386}.Release|x64.ActiveCfg = Release|Any CPU
		{A56BF412-9D26-4F50-99A2-5E2E42262386}.Release|x64.Build.0 = Release|Any CPU
		{A56BF412-9D26-4F50-99A2-5E2E42262386}.Release|x86.ActiveCfg = Release|Any CPU
		{A56BF412-9D26-4F50-99A2-5E2E42262386}.Release|x86.Build.0 = Release|Any CPU
		{71C59F8C-27AB-44EB-B112-4C29F66AE1F0}.Debug|Any CPU.ActiveCfg = Debug|Any CPU
		{71C59F8C-27AB-44EB-B112-4C29F66AE1F0}.Debug|Any CPU.Build.0 = Debug|Any CPU
		{71C59F8C-27AB-44EB-B112-4C29F66AE1F0}.Debug|x64.ActiveCfg = Debug|Any CPU
		{71C59F8C-27AB-44EB-B112-4C29F66AE1F0}.Debug|x64.Build.0 = Debug|Any CPU
		{71C59F8C-27AB-44EB-B112-4C29F66AE1F0}.Debug|x86.ActiveCfg = Debug|Any CPU
		{71C59F8C-27AB-44EB-B112-4C29F66AE1F0}.Debug|x86.Build.0 = Debug|Any CPU
		{71C59F8C-27AB-44EB-B112-4C29F66AE1F0}.Release|Any CPU.ActiveCfg = Release|Any CPU
		{71C59F8C-27AB-44EB-B112-4C29F66AE1F0}.Release|Any CPU.Build.0 = Release|Any CPU
		{71C59F8C-27AB-44EB-B112-4C29F66AE1F0}.Release|x64.ActiveCfg = Release|Any CPU
		{71C59F8C-27AB-44EB-B112-4C29F66AE1F0}.Release|x64.Build.0 = Release|Any CPU
		{71C59F8C-27AB-44EB-B112-4C29F66AE1F0}.Release|x86.ActiveCfg = Release|Any CPU
		{71C59F8C-27AB-44EB-B112-4C29F66AE1F0}.Release|x86.Build.0 = Release|Any CPU
		{55980068-9F07-43B2-8218-191C1CBA7CEA}.Debug|Any CPU.ActiveCfg = Debug|Any CPU
		{55980068-9F07-43B2-8218-191C1CBA7CEA}.Debug|Any CPU.Build.0 = Debug|Any CPU
		{55980068-9F07-43B2-8218-191C1CBA7CEA}.Debug|x64.ActiveCfg = Debug|Any CPU
		{55980068-9F07-43B2-8218-191C1CBA7CEA}.Debug|x64.Build.0 = Debug|Any CPU
		{55980068-9F07-43B2-8218-191C1CBA7CEA}.Debug|x86.ActiveCfg = Debug|Any CPU
		{55980068-9F07-43B2-8218-191C1CBA7CEA}.Debug|x86.Build.0 = Debug|Any CPU
		{55980068-9F07-43B2-8218-191C1CBA7CEA}.Release|Any CPU.ActiveCfg = Release|Any CPU
		{55980068-9F07-43B2-8218-191C1CBA7CEA}.Release|Any CPU.Build.0 = Release|Any CPU
		{55980068-9F07-43B2-8218-191C1CBA7CEA}.Release|x64.ActiveCfg = Release|Any CPU
		{55980068-9F07-43B2-8218-191C1CBA7CEA}.Release|x64.Build.0 = Release|Any CPU
		{55980068-9F07-43B2-8218-191C1CBA7CEA}.Release|x86.ActiveCfg = Release|Any CPU
		{55980068-9F07-43B2-8218-191C1CBA7CEA}.Release|x86.Build.0 = Release|Any CPU
		{D39A4ADD-D3DE-4E3B-A84D-94E5477A3D7A}.Debug|Any CPU.ActiveCfg = Debug|Any CPU
		{D39A4ADD-D3DE-4E3B-A84D-94E5477A3D7A}.Debug|Any CPU.Build.0 = Debug|Any CPU
		{D39A4ADD-D3DE-4E3B-A84D-94E5477A3D7A}.Debug|x64.ActiveCfg = Debug|Any CPU
		{D39A4ADD-D3DE-4E3B-A84D-94E5477A3D7A}.Debug|x64.Build.0 = Debug|Any CPU
		{D39A4ADD-D3DE-4E3B-A84D-94E5477A3D7A}.Debug|x86.ActiveCfg = Debug|Any CPU
		{D39A4ADD-D3DE-4E3B-A84D-94E5477A3D7A}.Debug|x86.Build.0 = Debug|Any CPU
		{D39A4ADD-D3DE-4E3B-A84D-94E5477A3D7A}.Release|Any CPU.ActiveCfg = Release|Any CPU
		{D39A4ADD-D3DE-4E3B-A84D-94E5477A3D7A}.Release|Any CPU.Build.0 = Release|Any CPU
		{D39A4ADD-D3DE-4E3B-A84D-94E5477A3D7A}.Release|x64.ActiveCfg = Release|Any CPU
		{D39A4ADD-D3DE-4E3B-A84D-94E5477A3D7A}.Release|x64.Build.0 = Release|Any CPU
		{D39A4ADD-D3DE-4E3B-A84D-94E5477A3D7A}.Release|x86.ActiveCfg = Release|Any CPU
		{D39A4ADD-D3DE-4E3B-A84D-94E5477A3D7A}.Release|x86.Build.0 = Release|Any CPU
		{796EE128-51EF-46AB-B80A-F6B89AE74631}.Debug|Any CPU.ActiveCfg = Debug|Any CPU
		{796EE128-51EF-46AB-B80A-F6B89AE74631}.Debug|Any CPU.Build.0 = Debug|Any CPU
		{796EE128-51EF-46AB-B80A-F6B89AE74631}.Debug|x64.ActiveCfg = Debug|Any CPU
		{796EE128-51EF-46AB-B80A-F6B89AE74631}.Debug|x64.Build.0 = Debug|Any CPU
		{796EE128-51EF-46AB-B80A-F6B89AE74631}.Debug|x86.ActiveCfg = Debug|Any CPU
		{796EE128-51EF-46AB-B80A-F6B89AE74631}.Debug|x86.Build.0 = Debug|Any CPU
		{796EE128-51EF-46AB-B80A-F6B89AE74631}.Release|Any CPU.ActiveCfg = Release|Any CPU
		{796EE128-51EF-46AB-B80A-F6B89AE74631}.Release|Any CPU.Build.0 = Release|Any CPU
		{796EE128-51EF-46AB-B80A-F6B89AE74631}.Release|x64.ActiveCfg = Release|Any CPU
		{796EE128-51EF-46AB-B80A-F6B89AE74631}.Release|x64.Build.0 = Release|Any CPU
		{796EE128-51EF-46AB-B80A-F6B89AE74631}.Release|x86.ActiveCfg = Release|Any CPU
		{796EE128-51EF-46AB-B80A-F6B89AE74631}.Release|x86.Build.0 = Release|Any CPU
		{BF33CCCA-ACCC-4671-83A4-962D88C46121}.Debug|Any CPU.ActiveCfg = Debug|Any CPU
		{BF33CCCA-ACCC-4671-83A4-962D88C46121}.Debug|Any CPU.Build.0 = Debug|Any CPU
		{BF33CCCA-ACCC-4671-83A4-962D88C46121}.Debug|x64.ActiveCfg = Debug|Any CPU
		{BF33CCCA-ACCC-4671-83A4-962D88C46121}.Debug|x64.Build.0 = Debug|Any CPU
		{BF33CCCA-ACCC-4671-83A4-962D88C46121}.Debug|x86.ActiveCfg = Debug|Any CPU
		{BF33CCCA-ACCC-4671-83A4-962D88C46121}.Debug|x86.Build.0 = Debug|Any CPU
		{BF33CCCA-ACCC-4671-83A4-962D88C46121}.Release|Any CPU.ActiveCfg = Release|Any CPU
		{BF33CCCA-ACCC-4671-83A4-962D88C46121}.Release|Any CPU.Build.0 = Release|Any CPU
		{BF33CCCA-ACCC-4671-83A4-962D88C46121}.Release|x64.ActiveCfg = Release|Any CPU
		{BF33CCCA-ACCC-4671-83A4-962D88C46121}.Release|x64.Build.0 = Release|Any CPU
		{BF33CCCA-ACCC-4671-83A4-962D88C46121}.Release|x86.ActiveCfg = Release|Any CPU
		{BF33CCCA-ACCC-4671-83A4-962D88C46121}.Release|x86.Build.0 = Release|Any CPU
		{427B69B2-5F45-4A88-A9E3-E99F6C42ACEA}.Debug|Any CPU.ActiveCfg = Debug|Any CPU
		{427B69B2-5F45-4A88-A9E3-E99F6C42ACEA}.Debug|Any CPU.Build.0 = Debug|Any CPU
		{427B69B2-5F45-4A88-A9E3-E99F6C42ACEA}.Debug|x64.ActiveCfg = Debug|Any CPU
		{427B69B2-5F45-4A88-A9E3-E99F6C42ACEA}.Debug|x64.Build.0 = Debug|Any CPU
		{427B69B2-5F45-4A88-A9E3-E99F6C42ACEA}.Debug|x86.ActiveCfg = Debug|Any CPU
		{427B69B2-5F45-4A88-A9E3-E99F6C42ACEA}.Debug|x86.Build.0 = Debug|Any CPU
		{427B69B2-5F45-4A88-A9E3-E99F6C42ACEA}.Release|Any CPU.ActiveCfg = Release|Any CPU
		{427B69B2-5F45-4A88-A9E3-E99F6C42ACEA}.Release|Any CPU.Build.0 = Release|Any CPU
		{427B69B2-5F45-4A88-A9E3-E99F6C42ACEA}.Release|x64.ActiveCfg = Release|Any CPU
		{427B69B2-5F45-4A88-A9E3-E99F6C42ACEA}.Release|x64.Build.0 = Release|Any CPU
		{427B69B2-5F45-4A88-A9E3-E99F6C42ACEA}.Release|x86.ActiveCfg = Release|Any CPU
		{427B69B2-5F45-4A88-A9E3-E99F6C42ACEA}.Release|x86.Build.0 = Release|Any CPU
		{7BE280AA-6FF7-470E-B89F-769DF16377E6}.Debug|Any CPU.ActiveCfg = Debug|Any CPU
		{7BE280AA-6FF7-470E-B89F-769DF16377E6}.Debug|Any CPU.Build.0 = Debug|Any CPU
		{7BE280AA-6FF7-470E-B89F-769DF16377E6}.Debug|x64.ActiveCfg = Debug|Any CPU
		{7BE280AA-6FF7-470E-B89F-769DF16377E6}.Debug|x64.Build.0 = Debug|Any CPU
		{7BE280AA-6FF7-470E-B89F-769DF16377E6}.Debug|x86.ActiveCfg = Debug|Any CPU
		{7BE280AA-6FF7-470E-B89F-769DF16377E6}.Debug|x86.Build.0 = Debug|Any CPU
		{7BE280AA-6FF7-470E-B89F-769DF16377E6}.Release|Any CPU.ActiveCfg = Release|Any CPU
		{7BE280AA-6FF7-470E-B89F-769DF16377E6}.Release|Any CPU.Build.0 = Release|Any CPU
		{7BE280AA-6FF7-470E-B89F-769DF16377E6}.Release|x64.ActiveCfg = Release|Any CPU
		{7BE280AA-6FF7-470E-B89F-769DF16377E6}.Release|x64.Build.0 = Release|Any CPU
		{7BE280AA-6FF7-470E-B89F-769DF16377E6}.Release|x86.ActiveCfg = Release|Any CPU
		{7BE280AA-6FF7-470E-B89F-769DF16377E6}.Release|x86.Build.0 = Release|Any CPU
		{F156DD24-4CF3-4CE2-B92A-173FCB4F09B0}.Debug|Any CPU.ActiveCfg = Debug|Any CPU
		{F156DD24-4CF3-4CE2-B92A-173FCB4F09B0}.Debug|Any CPU.Build.0 = Debug|Any CPU
		{F156DD24-4CF3-4CE2-B92A-173FCB4F09B0}.Debug|x64.ActiveCfg = Debug|Any CPU
		{F156DD24-4CF3-4CE2-B92A-173FCB4F09B0}.Debug|x64.Build.0 = Debug|Any CPU
		{F156DD24-4CF3-4CE2-B92A-173FCB4F09B0}.Debug|x86.ActiveCfg = Debug|Any CPU
		{F156DD24-4CF3-4CE2-B92A-173FCB4F09B0}.Debug|x86.Build.0 = Debug|Any CPU
		{F156DD24-4CF3-4CE2-B92A-173FCB4F09B0}.Release|Any CPU.ActiveCfg = Release|Any CPU
		{F156DD24-4CF3-4CE2-B92A-173FCB4F09B0}.Release|Any CPU.Build.0 = Release|Any CPU
		{F156DD24-4CF3-4CE2-B92A-173FCB4F09B0}.Release|x64.ActiveCfg = Release|Any CPU
		{F156DD24-4CF3-4CE2-B92A-173FCB4F09B0}.Release|x64.Build.0 = Release|Any CPU
		{F156DD24-4CF3-4CE2-B92A-173FCB4F09B0}.Release|x86.ActiveCfg = Release|Any CPU
		{F156DD24-4CF3-4CE2-B92A-173FCB4F09B0}.Release|x86.Build.0 = Release|Any CPU
		{C3FC364B-F132-4971-BE06-6BDFCDE1B186}.Debug|Any CPU.ActiveCfg = Debug|Any CPU
		{C3FC364B-F132-4971-BE06-6BDFCDE1B186}.Debug|Any CPU.Build.0 = Debug|Any CPU
		{C3FC364B-F132-4971-BE06-6BDFCDE1B186}.Debug|x64.ActiveCfg = Debug|Any CPU
		{C3FC364B-F132-4971-BE06-6BDFCDE1B186}.Debug|x64.Build.0 = Debug|Any CPU
		{C3FC364B-F132-4971-BE06-6BDFCDE1B186}.Debug|x86.ActiveCfg = Debug|Any CPU
		{C3FC364B-F132-4971-BE06-6BDFCDE1B186}.Debug|x86.Build.0 = Debug|Any CPU
		{C3FC364B-F132-4971-BE06-6BDFCDE1B186}.Release|Any CPU.ActiveCfg = Release|Any CPU
		{C3FC364B-F132-4971-BE06-6BDFCDE1B186}.Release|Any CPU.Build.0 = Release|Any CPU
		{C3FC364B-F132-4971-BE06-6BDFCDE1B186}.Release|x64.ActiveCfg = Release|Any CPU
		{C3FC364B-F132-4971-BE06-6BDFCDE1B186}.Release|x64.Build.0 = Release|Any CPU
		{C3FC364B-F132-4971-BE06-6BDFCDE1B186}.Release|x86.ActiveCfg = Release|Any CPU
		{C3FC364B-F132-4971-BE06-6BDFCDE1B186}.Release|x86.Build.0 = Release|Any CPU
		{7A3DAADB-C990-438C-A493-530A6B743533}.Debug|Any CPU.ActiveCfg = Debug|Any CPU
		{7A3DAADB-C990-438C-A493-530A6B743533}.Debug|Any CPU.Build.0 = Debug|Any CPU
		{7A3DAADB-C990-438C-A493-530A6B743533}.Debug|x64.ActiveCfg = Debug|Any CPU
		{7A3DAADB-C990-438C-A493-530A6B743533}.Debug|x64.Build.0 = Debug|Any CPU
		{7A3DAADB-C990-438C-A493-530A6B743533}.Debug|x86.ActiveCfg = Debug|Any CPU
		{7A3DAADB-C990-438C-A493-530A6B743533}.Debug|x86.Build.0 = Debug|Any CPU
		{7A3DAADB-C990-438C-A493-530A6B743533}.Release|Any CPU.ActiveCfg = Release|Any CPU
		{7A3DAADB-C990-438C-A493-530A6B743533}.Release|Any CPU.Build.0 = Release|Any CPU
		{7A3DAADB-C990-438C-A493-530A6B743533}.Release|x64.ActiveCfg = Release|Any CPU
		{7A3DAADB-C990-438C-A493-530A6B743533}.Release|x64.Build.0 = Release|Any CPU
		{7A3DAADB-C990-438C-A493-530A6B743533}.Release|x86.ActiveCfg = Release|Any CPU
		{7A3DAADB-C990-438C-A493-530A6B743533}.Release|x86.Build.0 = Release|Any CPU
		{BD6EB0A2-ACBF-4936-900E-EDC7235BEAC8}.Debug|Any CPU.ActiveCfg = Debug|Any CPU
		{BD6EB0A2-ACBF-4936-900E-EDC7235BEAC8}.Debug|Any CPU.Build.0 = Debug|Any CPU
		{BD6EB0A2-ACBF-4936-900E-EDC7235BEAC8}.Debug|x64.ActiveCfg = Debug|Any CPU
		{BD6EB0A2-ACBF-4936-900E-EDC7235BEAC8}.Debug|x64.Build.0 = Debug|Any CPU
		{BD6EB0A2-ACBF-4936-900E-EDC7235BEAC8}.Debug|x86.ActiveCfg = Debug|Any CPU
		{BD6EB0A2-ACBF-4936-900E-EDC7235BEAC8}.Debug|x86.Build.0 = Debug|Any CPU
		{BD6EB0A2-ACBF-4936-900E-EDC7235BEAC8}.Release|Any CPU.ActiveCfg = Release|Any CPU
		{BD6EB0A2-ACBF-4936-900E-EDC7235BEAC8}.Release|Any CPU.Build.0 = Release|Any CPU
		{BD6EB0A2-ACBF-4936-900E-EDC7235BEAC8}.Release|x64.ActiveCfg = Release|Any CPU
		{BD6EB0A2-ACBF-4936-900E-EDC7235BEAC8}.Release|x64.Build.0 = Release|Any CPU
		{BD6EB0A2-ACBF-4936-900E-EDC7235BEAC8}.Release|x86.ActiveCfg = Release|Any CPU
		{BD6EB0A2-ACBF-4936-900E-EDC7235BEAC8}.Release|x86.Build.0 = Release|Any CPU
		{B7B081DA-49CC-4AE4-AEC7-9B013A3BFBAE}.Debug|Any CPU.ActiveCfg = Debug|Any CPU
		{B7B081DA-49CC-4AE4-AEC7-9B013A3BFBAE}.Debug|Any CPU.Build.0 = Debug|Any CPU
		{B7B081DA-49CC-4AE4-AEC7-9B013A3BFBAE}.Debug|x64.ActiveCfg = Debug|Any CPU
		{B7B081DA-49CC-4AE4-AEC7-9B013A3BFBAE}.Debug|x64.Build.0 = Debug|Any CPU
		{B7B081DA-49CC-4AE4-AEC7-9B013A3BFBAE}.Debug|x86.ActiveCfg = Debug|Any CPU
		{B7B081DA-49CC-4AE4-AEC7-9B013A3BFBAE}.Debug|x86.Build.0 = Debug|Any CPU
		{B7B081DA-49CC-4AE4-AEC7-9B013A3BFBAE}.Release|Any CPU.ActiveCfg = Release|Any CPU
		{B7B081DA-49CC-4AE4-AEC7-9B013A3BFBAE}.Release|Any CPU.Build.0 = Release|Any CPU
		{B7B081DA-49CC-4AE4-AEC7-9B013A3BFBAE}.Release|x64.ActiveCfg = Release|Any CPU
		{B7B081DA-49CC-4AE4-AEC7-9B013A3BFBAE}.Release|x64.Build.0 = Release|Any CPU
		{B7B081DA-49CC-4AE4-AEC7-9B013A3BFBAE}.Release|x86.ActiveCfg = Release|Any CPU
		{B7B081DA-49CC-4AE4-AEC7-9B013A3BFBAE}.Release|x86.Build.0 = Release|Any CPU
	EndGlobalSection
	GlobalSection(SolutionProperties) = preSolution
		HideSolutionNode = FALSE
	EndGlobalSection
	GlobalSection(NestedProjects) = preSolution
		{03997797-E7F5-0643-168D-B8EA7178C2FE} = {827E0CD3-B72D-47B6-A68D-7590B98EB39B}
		{34A2957A-82E8-1F43-5C8C-2CA0EF0170CA} = {03997797-E7F5-0643-168D-B8EA7178C2FE}
		{5A2823BC-E415-4670-8F55-BBDA1DD8734E} = {34A2957A-82E8-1F43-5C8C-2CA0EF0170CA}
		{B2A7ADB7-B478-4723-B196-B6FE1BE4B64D} = {34A2957A-82E8-1F43-5C8C-2CA0EF0170CA}
		{AC33E9BC-77D6-4260-8481-2C6987EE2A35} = {34A2957A-82E8-1F43-5C8C-2CA0EF0170CA}
		{B45C9767-1103-6FBC-A12D-A41ACF5CD2F9} = {827E0CD3-B72D-47B6-A68D-7590B98EB39B}
		{EE5D3192-6894-F909-9246-9D449716BBA3} = {B45C9767-1103-6FBC-A12D-A41ACF5CD2F9}
		{52889D35-87F8-4DAD-8039-12934356D90E} = {EE5D3192-6894-F909-9246-9D449716BBA3}
		{AD80409C-C72A-40BD-9F13-57B05AFEEDE0} = {EE5D3192-6894-F909-9246-9D449716BBA3}
		{A56BF412-9D26-4F50-99A2-5E2E42262386} = {EE5D3192-6894-F909-9246-9D449716BBA3}
		{71C59F8C-27AB-44EB-B112-4C29F66AE1F0} = {EE5D3192-6894-F909-9246-9D449716BBA3}
		{85F909CB-8F14-ECC8-BA9D-713D1771907F} = {827E0CD3-B72D-47B6-A68D-7590B98EB39B}
		{0A6045DE-FB9D-B4AC-02CE-7152E58EE0DE} = {85F909CB-8F14-ECC8-BA9D-713D1771907F}
		{55980068-9F07-43B2-8218-191C1CBA7CEA} = {0A6045DE-FB9D-B4AC-02CE-7152E58EE0DE}
		{D39A4ADD-D3DE-4E3B-A84D-94E5477A3D7A} = {0A6045DE-FB9D-B4AC-02CE-7152E58EE0DE}
		{796EE128-51EF-46AB-B80A-F6B89AE74631} = {0A6045DE-FB9D-B4AC-02CE-7152E58EE0DE}
		{758C5DBE-017D-0EE9-AA1B-CE9DB1150A5C} = {B45C9767-1103-6FBC-A12D-A41ACF5CD2F9}
		{BF33CCCA-ACCC-4671-83A4-962D88C46121} = {758C5DBE-017D-0EE9-AA1B-CE9DB1150A5C}
		{427B69B2-5F45-4A88-A9E3-E99F6C42ACEA} = {758C5DBE-017D-0EE9-AA1B-CE9DB1150A5C}
		{7BE280AA-6FF7-470E-B89F-769DF16377E6} = {758C5DBE-017D-0EE9-AA1B-CE9DB1150A5C}
		{F156DD24-4CF3-4CE2-B92A-173FCB4F09B0} = {758C5DBE-017D-0EE9-AA1B-CE9DB1150A5C}
		{FCA01246-F2C6-0AA7-D43F-FD13BE0B9D88} = {827E0CD3-B72D-47B6-A68D-7590B98EB39B}
		{205D3971-23AA-B3A9-7489-C8CFFD05AA4D} = {FCA01246-F2C6-0AA7-D43F-FD13BE0B9D88}
		{C3FC364B-F132-4971-BE06-6BDFCDE1B186} = {205D3971-23AA-B3A9-7489-C8CFFD05AA4D}
		{7A3DAADB-C990-438C-A493-530A6B743533} = {205D3971-23AA-B3A9-7489-C8CFFD05AA4D}
		{BD6EB0A2-ACBF-4936-900E-EDC7235BEAC8} = {205D3971-23AA-B3A9-7489-C8CFFD05AA4D}
		{B7B081DA-49CC-4AE4-AEC7-9B013A3BFBAE} = {205D3971-23AA-B3A9-7489-C8CFFD05AA4D}
	EndGlobalSection
EndGlobal
